
Microsoft Visual Studio Solution File, Format Version 12.00
# Visual Studio Version 16
VisualStudioVersion = 16.0.31613.86
MinimumVisualStudioVersion = 10.0.40219.1
Project("{FAE04EC0-301F-11D3-BF4B-00C04F79EFBC}") = "POO conta e conta juridica", "POO conta e conta juridica\POO conta e conta juridica.csproj", "{AAEA0DD3-97B8-4B0C-8EB7-CDD2389F2435}"
EndProject
Global
	GlobalSection(SolutionConfigurationPlatforms) = preSolution
		Debug|Any CPU = Debug|Any CPU
		Release|Any CPU = Release|Any CPU
	EndGlobalSection
	GlobalSection(ProjectConfigurationPlatforms) = postSolution
		{AAEA0DD3-97B8-4B0C-8EB7-CDD2389F2435}.Debug|Any CPU.ActiveCfg = Debug|Any CPU
		{AAEA0DD3-97B8-4B0C-8EB7-CDD2389F2435}.Debug|Any CPU.Build.0 = Debug|Any CPU
		{AAEA0DD3-97B8-4B0C-8EB7-CDD2389F2435}.Release|Any CPU.ActiveCfg = Release|Any CPU
		{AAEA0DD3-97B8-4B0C-8EB7-CDD2389F2435}.Release|Any CPU.Build.0 = Release|Any CPU
	EndGlobalSection
	GlobalSection(SolutionProperties) = preSolution
		HideSolutionNode = FALSE
	EndGlobalSection
	GlobalSection(ExtensibilityGlobals) = postSolution
		SolutionGuid = {7250B2CC-F14C-441A-842F-5189C3B33841}
	EndGlobalSection
EndGlobal
